
Microsoft Visual Studio Solution File, Format Version 12.00
# Visual Studio Version 17
VisualStudioVersion = 17.0.31903.59
MinimumVisualStudioVersion = 10.0.40219.1
Project("{2150E333-8FDC-42A3-9474-1A3956D46DE8}") = "src", "src", "{2785F0B7-20BE-46F0-9106-5A11A847DB11}"
EndProject
Project("{FAE04EC0-301F-11D3-BF4B-00C04F79EFBC}") = "CatalogoMultiTenant.Domain", "src\CatalogoMultiTenant.Domain\CatalogoMultiTenant.Domain.csproj", "{402A070C-1174-4EB6-97C5-8F824DC398AF}"
EndProject
Project("{FAE04EC0-301F-11D3-BF4B-00C04F79EFBC}") = "CatalogoMultiTenant.Application", "src\CatalogoMultiTenant.Application\CatalogoMultiTenant.Application.csproj", "{62C2FB6D-2C48-4D44-B475-EBFA3808D643}"
EndProject
Project("{FAE04EC0-301F-11D3-BF4B-00C04F79EFBC}") = "CatalogoMultiTenant.Infrastructure", "src\CatalogoMultiTenant.Infrastructure\CatalogoMultiTenant.Infrastructure.csproj", "{C8C87356-8FC4-4E5B-A3A5-7817920078B2}"
EndProject
Project("{FAE04EC0-301F-11D3-BF4B-00C04F79EFBC}") = "CatalogoMultiTenant.WebApi", "src\CatalogoMultiTenant.WebApi\CatalogoMultiTenant.WebApi.csproj", "{3943D7BD-FC46-4E2A-A761-044F2743C144}"
EndProject
Global
	GlobalSection(SolutionConfigurationPlatforms) = preSolution
		Debug|Any CPU = Debug|Any CPU
		Release|Any CPU = Release|Any CPU
	EndGlobalSection
	GlobalSection(SolutionProperties) = preSolution
		HideSolutionNode = FALSE
	EndGlobalSection
	GlobalSection(ProjectConfigurationPlatforms) = postSolution
		{402A070C-1174-4EB6-97C5-8F824DC398AF}.Debug|Any CPU.ActiveCfg = Debug|Any CPU
		{402A070C-1174-4EB6-97C5-8F824DC398AF}.Debug|Any CPU.Build.0 = Debug|Any CPU
		{402A070C-1174-4EB6-97C5-8F824DC398AF}.Release|Any CPU.ActiveCfg = Release|Any CPU
		{402A070C-1174-4EB6-97C5-8F824DC398AF}.Release|Any CPU.Build.0 = Release|Any CPU
		{62C2FB6D-2C48-4D44-B475-EBFA3808D643}.Debug|Any CPU.ActiveCfg = Debug|Any CPU
		{62C2FB6D-2C48-4D44-B475-EBFA3808D643}.Debug|Any CPU.Build.0 = Debug|Any CPU
		{62C2FB6D-2C48-4D44-B475-EBFA3808D643}.Release|Any CPU.ActiveCfg = Release|Any CPU
		{62C2FB6D-2C48-4D44-B475-EBFA3808D643}.Release|Any CPU.Build.0 = Release|Any CPU
		{C8C87356-8FC4-4E5B-A3A5-7817920078B2}.Debug|Any CPU.ActiveCfg = Debug|Any CPU
		{C8C87356-8FC4-4E5B-A3A5-7817920078B2}.Debug|Any CPU.Build.0 = Debug|Any CPU
		{C8C87356-8FC4-4E5B-A3A5-7817920078B2}.Release|Any CPU.ActiveCfg = Release|Any CPU
		{C8C87356-8FC4-4E5B-A3A5-7817920078B2}.Release|Any CPU.Build.0 = Release|Any CPU
		{3943D7BD-FC46-4E2A-A761-044F2743C144}.Debug|Any CPU.ActiveCfg = Debug|Any CPU
		{3943D7BD-FC46-4E2A-A761-044F2743C144}.Debug|Any CPU.Build.0 = Debug|Any CPU
		{3943D7BD-FC46-4E2A-A761-044F2743C144}.Release|Any CPU.ActiveCfg = Release|Any CPU
		{3943D7BD-FC46-4E2A-A761-044F2743C144}.Release|Any CPU.Build.0 = Release|Any CPU
	EndGlobalSection
	GlobalSection(NestedProjects) = preSolution
		{402A070C-1174-4EB6-97C5-8F824DC398AF} = {2785F0B7-20BE-46F0-9106-5A11A847DB11}
		{62C2FB6D-2C48-4D44-B475-EBFA3808D643} = {2785F0B7-20BE-46F0-9106-5A11A847DB11}
		{C8C87356-8FC4-4E5B-A3A5-7817920078B2} = {2785F0B7-20BE-46F0-9106-5A11A847DB11}
		{3943D7BD-FC46-4E2A-A761-044F2743C144} = {2785F0B7-20BE-46F0-9106-5A11A847DB11}
	EndGlobalSection
EndGlobal
